
Microsoft Visual Studio Solution File, Format Version 12.00
# Visual Studio Version 16
VisualStudioVersion = 25.0.1703.3
MinimumVisualStudioVersion = 10.0.40219.1
Project("{FAE04EC0-301F-11D3-BF4B-00C04F79EFBC}") = "CSharp", "CSharpBasics\CSharp.csproj", "{226818AD-9935-40D6-82DF-13AB9452BDA6}"
EndProject
Global
	GlobalSection(SolutionConfigurationPlatforms) = preSolution
		Debug|Any CPU = Debug|Any CPU
		Release|Any CPU = Release|Any CPU
	EndGlobalSection
	GlobalSection(ProjectConfigurationPlatforms) = postSolution
		{226818AD-9935-40D6-82DF-13AB9452BDA6}.Debug|Any CPU.ActiveCfg = Debug|Any CPU
		{226818AD-9935-40D6-82DF-13AB9452BDA6}.Debug|Any CPU.Build.0 = Debug|Any CPU
		{226818AD-9935-40D6-82DF-13AB9452BDA6}.Release|Any CPU.ActiveCfg = Release|Any CPU
		{226818AD-9935-40D6-82DF-13AB9452BDA6}.Release|Any CPU.Build.0 = Release|Any CPU
	EndGlobalSection
	GlobalSection(SolutionProperties) = preSolution
		HideSolutionNode = FALSE
	EndGlobalSection
	GlobalSection(ExtensibilityGlobals) = postSolution
		SolutionGuid = {C353542A-82FD-454B-A067-A9354984ED6A}
	EndGlobalSection
EndGlobal
